
Microsoft Visual Studio Solution File, Format Version 12.00
# Visual Studio Version 16
VisualStudioVersion = 16.0.30907.101
MinimumVisualStudioVersion = 10.0.40219.1
Project("{888888A0-9F3D-457C-B088-3A5042F75D52}") = "NEAProject", "NeaProject\NeaProject.pyproj", "{FA4C28CC-D1AF-40EE-84D2-1191AA4B8F38}"
EndProject
Global
	GlobalSection(SolutionConfigurationPlatforms) = preSolution
		Debug|Any CPU = Debug|Any CPU
		Release|Any CPU = Release|Any CPU
	EndGlobalSection
	GlobalSection(ProjectConfigurationPlatforms) = postSolution
		{FA4C28CC-D1AF-40EE-84D2-1191AA4B8F38}.Debug|Any CPU.ActiveCfg = Debug|Any CPU
		{FA4C28CC-D1AF-40EE-84D2-1191AA4B8F38}.Release|Any CPU.ActiveCfg = Release|Any CPU
	EndGlobalSection
	GlobalSection(SolutionProperties) = preSolution
		HideSolutionNode = FALSE
	EndGlobalSection
	GlobalSection(ExtensibilityGlobals) = postSolution
		SolutionGuid = {0BA59CEF-6573-4190-A639-5B81409DBEB9}
	EndGlobalSection
EndGlobal
